
Microsoft Visual Studio Solution File, Format Version 12.00
# Visual Studio Version 17
VisualStudioVersion = 17.10.35013.160
MinimumVisualStudioVersion = 10.0.40219.1
Project("{FAE04EC0-301F-11D3-BF4B-00C04F79EFBC}") = "PCMAudio", "PCMAudio\PCMAudio.csproj", "{26D82990-63DD-462D-B24F-C18506E5BB88}"
EndProject
Global
	GlobalSection(SolutionConfigurationPlatforms) = preSolution
		Debug|Any CPU = Debug|Any CPU
		Release|Any CPU = Release|Any CPU
	EndGlobalSection
	GlobalSection(ProjectConfigurationPlatforms) = postSolution
		{26D82990-63DD-462D-B24F-C18506E5BB88}.Debug|Any CPU.ActiveCfg = Release|Any CPU
		{26D82990-63DD-462D-B24F-C18506E5BB88}.Debug|Any CPU.Build.0 = Release|Any CPU
		{26D82990-63DD-462D-B24F-C18506E5BB88}.Release|Any CPU.ActiveCfg = Release|Any CPU
		{26D82990-63DD-462D-B24F-C18506E5BB88}.Release|Any CPU.Build.0 = Release|Any CPU
	EndGlobalSection
	GlobalSection(SolutionProperties) = preSolution
		HideSolutionNode = FALSE
	EndGlobalSection
	GlobalSection(ExtensibilityGlobals) = postSolution
		SolutionGuid = {36E6B9C6-10E2-4229-8D61-64FB83D77668}
	EndGlobalSection
EndGlobal
