
Microsoft Visual Studio Solution File, Format Version 12.00
# Visual Studio Version 17
VisualStudioVersion = 17.10.35013.160
MinimumVisualStudioVersion = 10.0.40219.1
Project("{FAE04EC0-301F-11D3-BF4B-00C04F79EFBC}") = "CommandPrompt", "CommandPrompt\CommandPrompt.csproj", "{1F02DE45-EFB7-495F-B26A-DD5D61323714}"
EndProject
Global
	GlobalSection(SolutionConfigurationPlatforms) = preSolution
		Debug|Any CPU = Debug|Any CPU
		Release|Any CPU = Release|Any CPU
	EndGlobalSection
	GlobalSection(ProjectConfigurationPlatforms) = postSolution
		{1F02DE45-EFB7-495F-B26A-DD5D61323714}.Debug|Any CPU.ActiveCfg = Release|Any CPU
		{1F02DE45-EFB7-495F-B26A-DD5D61323714}.Debug|Any CPU.Build.0 = Release|Any CPU
		{1F02DE45-EFB7-495F-B26A-DD5D61323714}.Release|Any CPU.ActiveCfg = Release|Any CPU
		{1F02DE45-EFB7-495F-B26A-DD5D61323714}.Release|Any CPU.Build.0 = Release|Any CPU
	EndGlobalSection
	GlobalSection(SolutionProperties) = preSolution
		HideSolutionNode = FALSE
	EndGlobalSection
	GlobalSection(ExtensibilityGlobals) = postSolution
		SolutionGuid = {45A66FDB-52A9-425C-BE87-F6412B8F8B05}
	EndGlobalSection
EndGlobal
